// !$*UTF8*$!
{
	archiveVersion = 1;
	classes = {
	};
	objectVersion = 50;
	objects = {

/* Begin PBXBuildFile section */
		2A108887CB51031F758D8836 /* Pods_Treehacks.framework in Frameworks */ = {isa = PBXBuildFile; fileRef = 2F05E1FC6C520B79A9E24F5B /* Pods_Treehacks.framework */; };
		ADBA0E622217DE4C002AA8A7 /* AppDelegate.swift in Sources */ = {isa = PBXBuildFile; fileRef = ADBA0E612217DE4C002AA8A7 /* AppDelegate.swift */; };
		ADBA0E642217DE4C002AA8A7 /* LoginViewController.swift in Sources */ = {isa = PBXBuildFile; fileRef = ADBA0E632217DE4C002AA8A7 /* LoginViewController.swift */; };
		ADBA0E662217DE4C002AA8A7 /* SecondViewController.swift in Sources */ = {isa = PBXBuildFile; fileRef = ADBA0E652217DE4C002AA8A7 /* SecondViewController.swift */; };
		ADBA0E692217DE4C002AA8A7 /* Main.storyboard in Resources */ = {isa = PBXBuildFile; fileRef = ADBA0E672217DE4C002AA8A7 /* Main.storyboard */; };
		ADBA0E6B2217DE4E002AA8A7 /* Assets.xcassets in Resources */ = {isa = PBXBuildFile; fileRef = ADBA0E6A2217DE4E002AA8A7 /* Assets.xcassets */; };
		ADBA0E6E2217DE4E002AA8A7 /* LaunchScreen.storyboard in Resources */ = {isa = PBXBuildFile; fileRef = ADBA0E6C2217DE4E002AA8A7 /* LaunchScreen.storyboard */; };
		ADBA0E792217DE4E002AA8A7 /* TreehacksTests.swift in Sources */ = {isa = PBXBuildFile; fileRef = ADBA0E782217DE4E002AA8A7 /* TreehacksTests.swift */; };
		ADBA0E842217DE4E002AA8A7 /* TreehacksUITests.swift in Sources */ = {isa = PBXBuildFile; fileRef = ADBA0E832217DE4E002AA8A7 /* TreehacksUITests.swift */; };
		ADBA0E922217E4DC002AA8A7 /* GoogleService-Info.plist in Resources */ = {isa = PBXBuildFile; fileRef = ADBA0E912217E4DC002AA8A7 /* GoogleService-Info.plist */; };
		DC7BDE02B44FF0FA1B1CDED7 /* Pods_TreehacksTests.framework in Frameworks */ = {isa = PBXBuildFile; fileRef = D33F3E798DC0E8F64E88E988 /* Pods_TreehacksTests.framework */; };
		F48C394FD8EA0F034FFFD32B /* Pods_TreehacksUITests.framework in Frameworks */ = {isa = PBXBuildFile; fileRef = 846CE0766F1174FB328EFE51 /* Pods_TreehacksUITests.framework */; };
/* End PBXBuildFile section */

/* Begin PBXContainerItemProxy section */
		ADBA0E752217DE4E002AA8A7 /* PBXContainerItemProxy */ = {
			isa = PBXContainerItemProxy;
			containerPortal = ADBA0E562217DE4C002AA8A7 /* Project object */;
			proxyType = 1;
			remoteGlobalIDString = ADBA0E5D2217DE4C002AA8A7;
			remoteInfo = Treehacks;
		};
		ADBA0E802217DE4E002AA8A7 /* PBXContainerItemProxy */ = {
			isa = PBXContainerItemProxy;
			containerPortal = ADBA0E562217DE4C002AA8A7 /* Project object */;
			proxyType = 1;
			remoteGlobalIDString = ADBA0E5D2217DE4C002AA8A7;
			remoteInfo = Treehacks;
		};
/* End PBXContainerItemProxy section */

/* Begin PBXFileReference section */
		2F05E1FC6C520B79A9E24F5B /* Pods_Treehacks.framework */ = {isa = PBXFileReference; explicitFileType = wrapper.framework; includeInIndex = 0; path = Pods_Treehacks.framework; sourceTree = BUILT_PRODUCTS_DIR; };
		5076AFF8BA1A36A8CA06976F /* Pods-TreehacksUITests.release.xcconfig */ = {isa = PBXFileReference; includeInIndex = 1; lastKnownFileType = text.xcconfig; name = "Pods-TreehacksUITests.release.xcconfig"; path = "Target Support Files/Pods-TreehacksUITests/Pods-TreehacksUITests.release.xcconfig"; sourceTree = "<group>"; };
		846CE0766F1174FB328EFE51 /* Pods_TreehacksUITests.framework */ = {isa = PBXFileReference; explicitFileType = wrapper.framework; includeInIndex = 0; path = Pods_TreehacksUITests.framework; sourceTree = BUILT_PRODUCTS_DIR; };
		9DC87197385B181CF53954FD /* Pods-Treehacks.release.xcconfig */ = {isa = PBXFileReference; includeInIndex = 1; lastKnownFileType = text.xcconfig; name = "Pods-Treehacks.release.xcconfig"; path = "Target Support Files/Pods-Treehacks/Pods-Treehacks.release.xcconfig"; sourceTree = "<group>"; };
		ADBA0E5E2217DE4C002AA8A7 /* Treehacks.app */ = {isa = PBXFileReference; explicitFileType = wrapper.application; includeInIndex = 0; path = Treehacks.app; sourceTree = BUILT_PRODUCTS_DIR; };
		ADBA0E612217DE4C002AA8A7 /* AppDelegate.swift */ = {isa = PBXFileReference; lastKnownFileType = sourcecode.swift; path = AppDelegate.swift; sourceTree = "<group>"; };
		ADBA0E632217DE4C002AA8A7 /* LoginViewController.swift */ = {isa = PBXFileReference; lastKnownFileType = sourcecode.swift; path = LoginViewController.swift; sourceTree = "<group>"; };
		ADBA0E652217DE4C002AA8A7 /* SecondViewController.swift */ = {isa = PBXFileReference; lastKnownFileType = sourcecode.swift; path = SecondViewController.swift; sourceTree = "<group>"; };
		ADBA0E682217DE4C002AA8A7 /* Base */ = {isa = PBXFileReference; lastKnownFileType = file.storyboard; name = Base; path = Base.lproj/Main.storyboard; sourceTree = "<group>"; };
		ADBA0E6A2217DE4E002AA8A7 /* Assets.xcassets */ = {isa = PBXFileReference; lastKnownFileType = folder.assetcatalog; path = Assets.xcassets; sourceTree = "<group>"; };
		ADBA0E6D2217DE4E002AA8A7 /* Base */ = {isa = PBXFileReference; lastKnownFileType = file.storyboard; name = Base; path = Base.lproj/LaunchScreen.storyboard; sourceTree = "<group>"; };
		ADBA0E6F2217DE4E002AA8A7 /* Info.plist */ = {isa = PBXFileReference; lastKnownFileType = text.plist.xml; path = Info.plist; sourceTree = "<group>"; };
		ADBA0E742217DE4E002AA8A7 /* TreehacksTests.xctest */ = {isa = PBXFileReference; explicitFileType = wrapper.cfbundle; includeInIndex = 0; path = TreehacksTests.xctest; sourceTree = BUILT_PRODUCTS_DIR; };
		ADBA0E782217DE4E002AA8A7 /* TreehacksTests.swift */ = {isa = PBXFileReference; lastKnownFileType = sourcecode.swift; path = TreehacksTests.swift; sourceTree = "<group>"; };
		ADBA0E7A2217DE4E002AA8A7 /* Info.plist */ = {isa = PBXFileReference; lastKnownFileType = text.plist.xml; path = Info.plist; sourceTree = "<group>"; };
		ADBA0E7F2217DE4E002AA8A7 /* TreehacksUITests.xctest */ = {isa = PBXFileReference; explicitFileType = wrapper.cfbundle; includeInIndex = 0; path = TreehacksUITests.xctest; sourceTree = BUILT_PRODUCTS_DIR; };
		ADBA0E832217DE4E002AA8A7 /* TreehacksUITests.swift */ = {isa = PBXFileReference; lastKnownFileType = sourcecode.swift; path = TreehacksUITests.swift; sourceTree = "<group>"; };
		ADBA0E852217DE4E002AA8A7 /* Info.plist */ = {isa = PBXFileReference; lastKnownFileType = text.plist.xml; path = Info.plist; sourceTree = "<group>"; };
		ADBA0E912217E4DC002AA8A7 /* GoogleService-Info.plist */ = {isa = PBXFileReference; fileEncoding = 4; lastKnownFileType = text.plist.xml; name = "GoogleService-Info.plist"; path = "../../../../Downloads/GoogleService-Info.plist"; sourceTree = "<group>"; };
		D33F3E798DC0E8F64E88E988 /* Pods_TreehacksTests.framework */ = {isa = PBXFileReference; explicitFileType = wrapper.framework; includeInIndex = 0; path = Pods_TreehacksTests.framework; sourceTree = BUILT_PRODUCTS_DIR; };
		D4BD63660AED5AE80921CD9A /* Pods-TreehacksTests.debug.xcconfig */ = {isa = PBXFileReference; includeInIndex = 1; lastKnownFileType = text.xcconfig; name = "Pods-TreehacksTests.debug.xcconfig"; path = "Target Support Files/Pods-TreehacksTests/Pods-TreehacksTests.debug.xcconfig"; sourceTree = "<group>"; };
		E48F9C517ABE3EB7D7CA2535 /* Pods-Treehacks.debug.xcconfig */ = {isa = PBXFileReference; includeInIndex = 1; lastKnownFileType = text.xcconfig; name = "Pods-Treehacks.debug.xcconfig"; path = "Target Support Files/Pods-Treehacks/Pods-Treehacks.debug.xcconfig"; sourceTree = "<group>"; };
		E8C40C6935A7E5AD07488EED /* Pods-TreehacksUITests.debug.xcconfig */ = {isa = PBXFileReference; includeInIndex = 1; lastKnownFileType = text.xcconfig; name = "Pods-TreehacksUITests.debug.xcconfig"; path = "Target Support Files/Pods-TreehacksUITests/Pods-TreehacksUITests.debug.xcconfig"; sourceTree = "<group>"; };
		EF4447E80580DA848A92E6E1 /* Pods-TreehacksTests.release.xcconfig */ = {isa = PBXFileReference; includeInIndex = 1; lastKnownFileType = text.xcconfig; name = "Pods-TreehacksTests.release.xcconfig"; path = "Target Support Files/Pods-TreehacksTests/Pods-TreehacksTests.release.xcconfig"; sourceTree = "<group>"; };
/* End PBXFileReference section */

/* Begin PBXFrameworksBuildPhase section */
		ADBA0E5B2217DE4C002AA8A7 /* Frameworks */ = {
			isa = PBXFrameworksBuildPhase;
			buildActionMask = 2147483647;
			files = (
				2A108887CB51031F758D8836 /* Pods_Treehacks.framework in Frameworks */,
			);
			runOnlyForDeploymentPostprocessing = 0;
		};
		ADBA0E712217DE4E002AA8A7 /* Frameworks */ = {
			isa = PBXFrameworksBuildPhase;
			buildActionMask = 2147483647;
			files = (
				DC7BDE02B44FF0FA1B1CDED7 /* Pods_TreehacksTests.framework in Frameworks */,
			);
			runOnlyForDeploymentPostprocessing = 0;
		};
		ADBA0E7C2217DE4E002AA8A7 /* Frameworks */ = {
			isa = PBXFrameworksBuildPhase;
			buildActionMask = 2147483647;
			files = (
				F48C394FD8EA0F034FFFD32B /* Pods_TreehacksUITests.framework in Frameworks */,
			);
			runOnlyForDeploymentPostprocessing = 0;
		};
/* End PBXFrameworksBuildPhase section */

/* Begin PBXGroup section */
		0902B4C4275F79CE7BEC2E5B /* Frameworks */ = {
			isa = PBXGroup;
			children = (
				2F05E1FC6C520B79A9E24F5B /* Pods_Treehacks.framework */,
				D33F3E798DC0E8F64E88E988 /* Pods_TreehacksTests.framework */,
				846CE0766F1174FB328EFE51 /* Pods_TreehacksUITests.framework */,
			);
			name = Frameworks;
			sourceTree = "<group>";
		};
		ADBA0E552217DE4C002AA8A7 = {
			isa = PBXGroup;
			children = (
				ADBA0E602217DE4C002AA8A7 /* Treehacks */,
				ADBA0E772217DE4E002AA8A7 /* TreehacksTests */,
				ADBA0E822217DE4E002AA8A7 /* TreehacksUITests */,
				ADBA0E5F2217DE4C002AA8A7 /* Products */,
				E1DF6240B5E1846A217543EB /* Pods */,
				0902B4C4275F79CE7BEC2E5B /* Frameworks */,
			);
			sourceTree = "<group>";
		};
		ADBA0E5F2217DE4C002AA8A7 /* Products */ = {
			isa = PBXGroup;
			children = (
				ADBA0E5E2217DE4C002AA8A7 /* Treehacks.app */,
				ADBA0E742217DE4E002AA8A7 /* TreehacksTests.xctest */,
				ADBA0E7F2217DE4E002AA8A7 /* TreehacksUITests.xctest */,
			);
			name = Products;
			sourceTree = "<group>";
		};
		ADBA0E602217DE4C002AA8A7 /* Treehacks */ = {
			isa = PBXGroup;
			children = (
				ADBA0E612217DE4C002AA8A7 /* AppDelegate.swift */,
				ADBA0E632217DE4C002AA8A7 /* LoginViewController.swift */,
				ADBA0E652217DE4C002AA8A7 /* SecondViewController.swift */,
				ADBA0E672217DE4C002AA8A7 /* Main.storyboard */,
				ADBA0E6A2217DE4E002AA8A7 /* Assets.xcassets */,
				ADBA0E6C2217DE4E002AA8A7 /* LaunchScreen.storyboard */,
				ADBA0E6F2217DE4E002AA8A7 /* Info.plist */,
				ADBA0E912217E4DC002AA8A7 /* GoogleService-Info.plist */,
			);
			path = Treehacks;
			sourceTree = "<group>";
		};
		ADBA0E772217DE4E002AA8A7 /* TreehacksTests */ = {
			isa = PBXGroup;
			children = (
				ADBA0E782217DE4E002AA8A7 /* TreehacksTests.swift */,
				ADBA0E7A2217DE4E002AA8A7 /* Info.plist */,
			);
			path = TreehacksTests;
			sourceTree = "<group>";
		};
		ADBA0E822217DE4E002AA8A7 /* TreehacksUITests */ = {
			isa = PBXGroup;
			children = (
				ADBA0E832217DE4E002AA8A7 /* TreehacksUITests.swift */,
				ADBA0E852217DE4E002AA8A7 /* Info.plist */,
			);
			path = TreehacksUITests;
			sourceTree = "<group>";
		};
		E1DF6240B5E1846A217543EB /* Pods */ = {
			isa = PBXGroup;
			children = (
				E48F9C517ABE3EB7D7CA2535 /* Pods-Treehacks.debug.xcconfig */,
				9DC87197385B181CF53954FD /* Pods-Treehacks.release.xcconfig */,
				D4BD63660AED5AE80921CD9A /* Pods-TreehacksTests.debug.xcconfig */,
				EF4447E80580DA848A92E6E1 /* Pods-TreehacksTests.release.xcconfig */,
				E8C40C6935A7E5AD07488EED /* Pods-TreehacksUITests.debug.xcconfig */,
				5076AFF8BA1A36A8CA06976F /* Pods-TreehacksUITests.release.xcconfig */,
			);
			name = Pods;
			path = Pods;
			sourceTree = "<group>";
		};
/* End PBXGroup section */

/* Begin PBXNativeTarget section */
		ADBA0E5D2217DE4C002AA8A7 /* Treehacks */ = {
			isa = PBXNativeTarget;
			buildConfigurationList = ADBA0E882217DE4E002AA8A7 /* Build configuration list for PBXNativeTarget "Treehacks" */;
			buildPhases = (
				1ECAAB920A3E13FA375A062A /* [CP] Check Pods Manifest.lock */,
				ADBA0E5A2217DE4C002AA8A7 /* Sources */,
				ADBA0E5B2217DE4C002AA8A7 /* Frameworks */,
				ADBA0E5C2217DE4C002AA8A7 /* Resources */,
				827340246446F098FD05BD3E /* [CP] Embed Pods Frameworks */,
			);
			buildRules = (
			);
			dependencies = (
			);
			name = Treehacks;
			productName = Treehacks;
			productReference = ADBA0E5E2217DE4C002AA8A7 /* Treehacks.app */;
			productType = "com.apple.product-type.application";
		};
		ADBA0E732217DE4E002AA8A7 /* TreehacksTests */ = {
			isa = PBXNativeTarget;
			buildConfigurationList = ADBA0E8B2217DE4E002AA8A7 /* Build configuration list for PBXNativeTarget "TreehacksTests" */;
			buildPhases = (
				6D6A137BFC5B3BE91F8A4165 /* [CP] Check Pods Manifest.lock */,
				ADBA0E702217DE4E002AA8A7 /* Sources */,
				ADBA0E712217DE4E002AA8A7 /* Frameworks */,
				ADBA0E722217DE4E002AA8A7 /* Resources */,
			);
			buildRules = (
			);
			dependencies = (
				ADBA0E762217DE4E002AA8A7 /* PBXTargetDependency */,
			);
			name = TreehacksTests;
			productName = TreehacksTests;
			productReference = ADBA0E742217DE4E002AA8A7 /* TreehacksTests.xctest */;
			productType = "com.apple.product-type.bundle.unit-test";
		};
		ADBA0E7E2217DE4E002AA8A7 /* TreehacksUITests */ = {
			isa = PBXNativeTarget;
			buildConfigurationList = ADBA0E8E2217DE4E002AA8A7 /* Build configuration list for PBXNativeTarget "TreehacksUITests" */;
			buildPhases = (
				F285294444B6CBBEB0546E2F /* [CP] Check Pods Manifest.lock */,
				ADBA0E7B2217DE4E002AA8A7 /* Sources */,
				ADBA0E7C2217DE4E002AA8A7 /* Frameworks */,
				ADBA0E7D2217DE4E002AA8A7 /* Resources */,
			);
			buildRules = (
			);
			dependencies = (
				ADBA0E812217DE4E002AA8A7 /* PBXTargetDependency */,
			);
			name = TreehacksUITests;
			productName = TreehacksUITests;
			productReference = ADBA0E7F2217DE4E002AA8A7 /* TreehacksUITests.xctest */;
			productType = "com.apple.product-type.bundle.ui-testing";
		};
/* End PBXNativeTarget section */

/* Begin PBXProject section */
		ADBA0E562217DE4C002AA8A7 /* Project object */ = {
			isa = PBXProject;
			attributes = {
				LastSwiftUpdateCheck = 1010;
				LastUpgradeCheck = 1010;
				ORGANIZATIONNAME = "Katie Mishra";
				TargetAttributes = {
					ADBA0E5D2217DE4C002AA8A7 = {
						CreatedOnToolsVersion = 10.1;
					};
					ADBA0E732217DE4E002AA8A7 = {
						CreatedOnToolsVersion = 10.1;
						TestTargetID = ADBA0E5D2217DE4C002AA8A7;
					};
					ADBA0E7E2217DE4E002AA8A7 = {
						CreatedOnToolsVersion = 10.1;
						TestTargetID = ADBA0E5D2217DE4C002AA8A7;
					};
				};
			};
			buildConfigurationList = ADBA0E592217DE4C002AA8A7 /* Build configuration list for PBXProject "Treehacks" */;
			compatibilityVersion = "Xcode 9.3";
			developmentRegion = en;
			hasScannedForEncodings = 0;
			knownRegions = (
				en,
				Base,
			);
			mainGroup = ADBA0E552217DE4C002AA8A7;
			productRefGroup = ADBA0E5F2217DE4C002AA8A7 /* Products */;
			projectDirPath = "";
			projectRoot = "";
			targets = (
				ADBA0E5D2217DE4C002AA8A7 /* Treehacks */,
				ADBA0E732217DE4E002AA8A7 /* TreehacksTests */,
				ADBA0E7E2217DE4E002AA8A7 /* TreehacksUITests */,
			);
		};
/* End PBXProject section */

/* Begin PBXResourcesBuildPhase section */
		ADBA0E5C2217DE4C002AA8A7 /* Resources */ = {
			isa = PBXResourcesBuildPhase;
			buildActionMask = 2147483647;
			files = (
				ADBA0E6E2217DE4E002AA8A7 /* LaunchScreen.storyboard in Resources */,
				ADBA0E922217E4DC002AA8A7 /* GoogleService-Info.plist in Resources */,
				ADBA0E6B2217DE4E002AA8A7 /* Assets.xcassets in Resources */,
				ADBA0E692217DE4C002AA8A7 /* Main.storyboard in Resources */,
			);
			runOnlyForDeploymentPostprocessing = 0;
		};
		ADBA0E722217DE4E002AA8A7 /* Resources */ = {
			isa = PBXResourcesBuildPhase;
			buildActionMask = 2147483647;
			files = (
			);
			runOnlyForDeploymentPostprocessing = 0;
		};
		ADBA0E7D2217DE4E002AA8A7 /* Resources */ = {
			isa = PBXResourcesBuildPhase;
			buildActionMask = 2147483647;
			files = (
			);
			runOnlyForDeploymentPostprocessing = 0;
		};
/* End PBXResourcesBuildPhase section */

/* Begin PBXShellScriptBuildPhase section */
		1ECAAB920A3E13FA375A062A /* [CP] Check Pods Manifest.lock */ = {
			isa = PBXShellScriptBuildPhase;
			buildActionMask = 2147483647;
			files = (
			);
			inputFileListPaths = (
			);
			inputPaths = (
				"${PODS_PODFILE_DIR_PATH}/Podfile.lock",
				"${PODS_ROOT}/Manifest.lock",
			);
			name = "[CP] Check Pods Manifest.lock";
			outputFileListPaths = (
			);
			outputPaths = (
				"$(DERIVED_FILE_DIR)/Pods-Treehacks-checkManifestLockResult.txt",
			);
			runOnlyForDeploymentPostprocessing = 0;
			shellPath = /bin/sh;
			shellScript = "diff \"${PODS_PODFILE_DIR_PATH}/Podfile.lock\" \"${PODS_ROOT}/Manifest.lock\" > /dev/null\nif [ $? != 0 ] ; then\n    # print error to STDERR\n    echo \"error: The sandbox is not in sync with the Podfile.lock. Run 'pod install' or update your CocoaPods installation.\" >&2\n    exit 1\nfi\n# This output is used by Xcode 'outputs' to avoid re-running this script phase.\necho \"SUCCESS\" > \"${SCRIPT_OUTPUT_FILE_0}\"\n";
			showEnvVarsInLog = 0;
		};
		6D6A137BFC5B3BE91F8A4165 /* [CP] Check Pods Manifest.lock */ = {
			isa = PBXShellScriptBuildPhase;
			buildActionMask = 2147483647;
			files = (
			);
			inputFileListPaths = (
			);
			inputPaths = (
				"${PODS_PODFILE_DIR_PATH}/Podfile.lock",
				"${PODS_ROOT}/Manifest.lock",
			);
			name = "[CP] Check Pods Manifest.lock";
			outputFileListPaths = (
			);
			outputPaths = (
				"$(DERIVED_FILE_DIR)/Pods-TreehacksTests-checkManifestLockResult.txt",
			);
			runOnlyForDeploymentPostprocessing = 0;
			shellPath = /bin/sh;
			shellScript = "diff \"${PODS_PODFILE_DIR_PATH}/Podfile.lock\" \"${PODS_ROOT}/Manifest.lock\" > /dev/null\nif [ $? != 0 ] ; then\n    # print error to STDERR\n    echo \"error: The sandbox is not in sync with the Podfile.lock. Run 'pod install' or update your CocoaPods installation.\" >&2\n    exit 1\nfi\n# This output is used by Xcode 'outputs' to avoid re-running this script phase.\necho \"SUCCESS\" > \"${SCRIPT_OUTPUT_FILE_0}\"\n";
			showEnvVarsInLog = 0;
		};
		827340246446F098FD05BD3E /* [CP] Embed Pods Frameworks */ = {
			isa = PBXShellScriptBuildPhase;
			buildActionMask = 2147483647;
			files = (
			);
			inputFileListPaths = (
			);
			inputPaths = (
				"${PODS_ROOT}/Target Support Files/Pods-Treehacks/Pods-Treehacks-frameworks.sh",
				"${BUILT_PRODUCTS_DIR}/GoogleUtilities/GoogleUtilities.framework",
				"${BUILT_PRODUCTS_DIR}/nanopb/nanopb.framework",
			);
			name = "[CP] Embed Pods Frameworks";
			outputFileListPaths = (
			);
			outputPaths = (
				"${TARGET_BUILD_DIR}/${FRAMEWORKS_FOLDER_PATH}/GoogleUtilities.framework",
				"${TARGET_BUILD_DIR}/${FRAMEWORKS_FOLDER_PATH}/nanopb.framework",
			);
			runOnlyForDeploymentPostprocessing = 0;
			shellPath = /bin/sh;
			shellScript = "\"${PODS_ROOT}/Target Support Files/Pods-Treehacks/Pods-Treehacks-frameworks.sh\"\n";
			showEnvVarsInLog = 0;
		};
		F285294444B6CBBEB0546E2F /* [CP] Check Pods Manifest.lock */ = {
			isa = PBXShellScriptBuildPhase;
			buildActionMask = 2147483647;
			files = (
			);
			inputFileListPaths = (
			);
			inputPaths = (
				"${PODS_PODFILE_DIR_PATH}/Podfile.lock",
				"${PODS_ROOT}/Manifest.lock",
			);
			name = "[CP] Check Pods Manifest.lock";
			outputFileListPaths = (
			);
			outputPaths = (
				"$(DERIVED_FILE_DIR)/Pods-TreehacksUITests-checkManifestLockResult.txt",
			);
			runOnlyForDeploymentPostprocessing = 0;
			shellPath = /bin/sh;
			shellScript = "diff \"${PODS_PODFILE_DIR_PATH}/Podfile.lock\" \"${PODS_ROOT}/Manifest.lock\" > /dev/null\nif [ $? != 0 ] ; then\n    # print error to STDERR\n    echo \"error: The sandbox is not in sync with the Podfile.lock. Run 'pod install' or update your CocoaPods installation.\" >&2\n    exit 1\nfi\n# This output is used by Xcode 'outputs' to avoid re-running this script phase.\necho \"SUCCESS\" > \"${SCRIPT_OUTPUT_FILE_0}\"\n";
			showEnvVarsInLog = 0;
		};
/* End PBXShellScriptBuildPhase section */

/* Begin PBXSourcesBuildPhase section */
		ADBA0E5A2217DE4C002AA8A7 /* Sources */ = {
			isa = PBXSourcesBuildPhase;
			buildActionMask = 2147483647;
			files = (
				ADBA0E662217DE4C002AA8A7 /* SecondViewController.swift in Sources */,
				ADBA0E622217DE4C002AA8A7 /* AppDelegate.swift in Sources */,
				ADBA0E642217DE4C002AA8A7 /* LoginViewController.swift in Sources */,
			);
			runOnlyForDeploymentPostprocessing = 0;
		};
		ADBA0E702217DE4E002AA8A7 /* Sources */ = {
			isa = PBXSourcesBuildPhase;
			buildActionMask = 2147483647;
			files = (
				ADBA0E792217DE4E002AA8A7 /* TreehacksTests.swift in Sources */,
			);
			runOnlyForDeploymentPostprocessing = 0;
		};
		ADBA0E7B2217DE4E002AA8A7 /* Sources */ = {
			isa = PBXSourcesBuildPhase;
			buildActionMask = 2147483647;
			files = (
				ADBA0E842217DE4E002AA8A7 /* TreehacksUITests.swift in Sources */,
			);
			runOnlyForDeploymentPostprocessing = 0;
		};
/* End PBXSourcesBuildPhase section */

/* Begin PBXTargetDependency section */
		ADBA0E762217DE4E002AA8A7 /* PBXTargetDependency */ = {
			isa = PBXTargetDependency;
			target = ADBA0E5D2217DE4C002AA8A7 /* Treehacks */;
			targetProxy = ADBA0E752217DE4E002AA8A7 /* PBXContainerItemProxy */;
		};
		ADBA0E812217DE4E002AA8A7 /* PBXTargetDependency */ = {
			isa = PBXTargetDependency;
			target = ADBA0E5D2217DE4C002AA8A7 /* Treehacks */;
			targetProxy = ADBA0E802217DE4E002AA8A7 /* PBXContainerItemProxy */;
		};
/* End PBXTargetDependency section */

/* Begin PBXVariantGroup section */
		ADBA0E672217DE4C002AA8A7 /* Main.storyboard */ = {
			isa = PBXVariantGroup;
			children = (
				ADBA0E682217DE4C002AA8A7 /* Base */,
			);
			name = Main.storyboard;
			sourceTree = "<group>";
		};
		ADBA0E6C2217DE4E002AA8A7 /* LaunchScreen.storyboard */ = {
			isa = PBXVariantGroup;
			children = (
				ADBA0E6D2217DE4E002AA8A7 /* Base */,
			);
			name = LaunchScreen.storyboard;
			sourceTree = "<group>";
		};
/* End PBXVariantGroup section */

/* Begin XCBuildConfiguration section */
		ADBA0E862217DE4E002AA8A7 /* Debug */ = {
			isa = XCBuildConfiguration;
			buildSettings = {
				ALWAYS_SEARCH_USER_PATHS = NO;
				CLANG_ANALYZER_NONNULL = YES;
				CLANG_ANALYZER_NUMBER_OBJECT_CONVERSION = YES_AGGRESSIVE;
				CLANG_CXX_LANGUAGE_STANDARD = "gnu++14";
				CLANG_CXX_LIBRARY = "libc++";
				CLANG_ENABLE_MODULES = YES;
				CLANG_ENABLE_OBJC_ARC = YES;
				CLANG_ENABLE_OBJC_WEAK = YES;
				CLANG_WARN_BLOCK_CAPTURE_AUTORELEASING = YES;
				CLANG_WARN_BOOL_CONVERSION = YES;
				CLANG_WARN_COMMA = YES;
				CLANG_WARN_CONSTANT_CONVERSION = YES;
				CLANG_WARN_DEPRECATED_OBJC_IMPLEMENTATIONS = YES;
				CLANG_WARN_DIRECT_OBJC_ISA_USAGE = YES_ERROR;
				CLANG_WARN_DOCUMENTATION_COMMENTS = YES;
				CLANG_WARN_EMPTY_BODY = YES;
				CLANG_WARN_ENUM_CONVERSION = YES;
				CLANG_WARN_INFINITE_RECURSION = YES;
				CLANG_WARN_INT_CONVERSION = YES;
				CLANG_WARN_NON_LITERAL_NULL_CONVERSION = YES;
				CLANG_WARN_OBJC_IMPLICIT_RETAIN_SELF = YES;
				CLANG_WARN_OBJC_LITERAL_CONVERSION = YES;
				CLANG_WARN_OBJC_ROOT_CLASS = YES_ERROR;
				CLANG_WARN_RANGE_LOOP_ANALYSIS = YES;
				CLANG_WARN_STRICT_PROTOTYPES = YES;
				CLANG_WARN_SUSPICIOUS_MOVE = YES;
				CLANG_WARN_UNGUARDED_AVAILABILITY = YES_AGGRESSIVE;
				CLANG_WARN_UNREACHABLE_CODE = YES;
				CLANG_WARN__DUPLICATE_METHOD_MATCH = YES;
				CODE_SIGN_IDENTITY = "iPhone Developer";
				COPY_PHASE_STRIP = NO;
				DEBUG_INFORMATION_FORMAT = dwarf;
				ENABLE_STRICT_OBJC_MSGSEND = YES;
				ENABLE_TESTABILITY = YES;
				GCC_C_LANGUAGE_STANDARD = gnu11;
				GCC_DYNAMIC_NO_PIC = NO;
				GCC_NO_COMMON_BLOCKS = YES;
				GCC_OPTIMIZATION_LEVEL = 0;
				GCC_PREPROCESSOR_DEFINITIONS = (
					"DEBUG=1",
					"$(inherited)",
				);
				GCC_WARN_64_TO_32_BIT_CONVERSION = YES;
				GCC_WARN_ABOUT_RETURN_TYPE = YES_ERROR;
				GCC_WARN_UNDECLARED_SELECTOR = YES;
				GCC_WARN_UNINITIALIZED_AUTOS = YES_AGGRESSIVE;
				GCC_WARN_UNUSED_FUNCTION = YES;
				GCC_WARN_UNUSED_VARIABLE = YES;
				IPHONEOS_DEPLOYMENT_TARGET = 12.1;
				MTL_ENABLE_DEBUG_INFO = INCLUDE_SOURCE;
				MTL_FAST_MATH = YES;
				ONLY_ACTIVE_ARCH = YES;
				SDKROOT = iphoneos;
				SWIFT_ACTIVE_COMPILATION_CONDITIONS = DEBUG;
				SWIFT_OPTIMIZATION_LEVEL = "-Onone";
			};
			name = Debug;
		};
		ADBA0E872217DE4E002AA8A7 /* Release */ = {
			isa = XCBuildConfiguration;
			buildSettings = {
				ALWAYS_SEARCH_USER_PATHS = NO;
				CLANG_ANALYZER_NONNULL = YES;
				CLANG_ANALYZER_NUMBER_OBJECT_CONVERSION = YES_AGGRESSIVE;
				CLANG_CXX_LANGUAGE_STANDARD = "gnu++14";
				CLANG_CXX_LIBRARY = "libc++";
				CLANG_ENABLE_MODULES = YES;
				CLANG_ENABLE_OBJC_ARC = YES;
				CLANG_ENABLE_OBJC_WEAK = YES;
				CLANG_WARN_BLOCK_CAPTURE_AUTORELEASING = YES;
				CLANG_WARN_BOOL_CONVERSION = YES;
				CLANG_WARN_COMMA = YES;
				CLANG_WARN_CONSTANT_CONVERSION = YES;
				CLANG_WARN_DEPRECATED_OBJC_IMPLEMENTATIONS = YES;
				CLANG_WARN_DIRECT_OBJC_ISA_USAGE = YES_ERROR;
				CLANG_WARN_DOCUMENTATION_COMMENTS = YES;
				CLANG_WARN_EMPTY_BODY = YES;
				CLANG_WARN_ENUM_CONVERSION = YES;
				CLANG_WARN_INFINITE_RECURSION = YES;
				CLANG_WARN_INT_CONVERSION = YES;
				CLANG_WARN_NON_LITERAL_NULL_CONVERSION = YES;
				CLANG_WARN_OBJC_IMPLICIT_RETAIN_SELF = YES;
				CLANG_WARN_OBJC_LITERAL_CONVERSION = YES;
				CLANG_WARN_OBJC_ROOT_CLASS = YES_ERROR;
				CLANG_WARN_RANGE_LOOP_ANALYSIS = YES;
				CLANG_WARN_STRICT_PROTOTYPES = YES;
				CLANG_WARN_SUSPICIOUS_MOVE = YES;
				CLANG_WARN_UNGUARDED_AVAILABILITY = YES_AGGRESSIVE;
				CLANG_WARN_UNREACHABLE_CODE = YES;
				CLANG_WARN__DUPLICATE_METHOD_MATCH = YES;
				CODE_SIGN_IDENTITY = "iPhone Developer";
				COPY_PHASE_STRIP = NO;
				DEBUG_INFORMATION_FORMAT = "dwarf-with-dsym";
				ENABLE_NS_ASSERTIONS = NO;
				ENABLE_STRICT_OBJC_MSGSEND = YES;
				GCC_C_LANGUAGE_STANDARD = gnu11;
				GCC_NO_COMMON_BLOCKS = YES;
				GCC_WARN_64_TO_32_BIT_CONVERSION = YES;
				GCC_WARN_ABOUT_RETURN_TYPE = YES_ERROR;
				GCC_WARN_UNDECLARED_SELECTOR = YES;
				GCC_WARN_UNINITIALIZED_AUTOS = YES_AGGRESSIVE;
				GCC_WARN_UNUSED_FUNCTION = YES;
				GCC_WARN_UNUSED_VARIABLE = YES;
				IPHONEOS_DEPLOYMENT_TARGET = 12.1;
				MTL_ENABLE_DEBUG_INFO = NO;
				MTL_FAST_MATH = YES;
				SDKROOT = iphoneos;
				SWIFT_COMPILATION_MODE = wholemodule;
				SWIFT_OPTIMIZATION_LEVEL = "-O";
				VALIDATE_PRODUCT = YES;
			};
			name = Release;
		};
		ADBA0E892217DE4E002AA8A7 /* Debug */ = {
			isa = XCBuildConfiguration;
			baseConfigurationReference = E48F9C517ABE3EB7D7CA2535 /* Pods-Treehacks.debug.xcconfig */;
			buildSettings = {
				ASSETCATALOG_COMPILER_APPICON_NAME = AppIcon;
				CODE_SIGN_STYLE = Automatic;
				INFOPLIST_FILE = Treehacks/Info.plist;
				LD_RUNPATH_SEARCH_PATHS = (
					"$(inherited)",
					"@executable_path/Frameworks",
				);
				PRODUCT_BUNDLE_IDENTIFIER = Treehacks.Treehacks;
				PRODUCT_NAME = "$(TARGET_NAME)";
				SWIFT_VERSION = 4.2;
				TARGETED_DEVICE_FAMILY = "1,2";
			};
			name = Debug;
		};
		ADBA0E8A2217DE4E002AA8A7 /* Release */ = {
			isa = XCBuildConfiguration;
			baseConfigurationReference = 9DC87197385B181CF53954FD /* Pods-Treehacks.release.xcconfig */;
			buildSettings = {
				ASSETCATALOG_COMPILER_APPICON_NAME = AppIcon;
				CODE_SIGN_STYLE = Automatic;
				INFOPLIST_FILE = Treehacks/Info.plist;
				LD_RUNPATH_SEARCH_PATHS = (
					"$(inherited)",
					"@executable_path/Frameworks",
				);
				PRODUCT_BUNDLE_IDENTIFIER = Treehacks.Treehacks;
				PRODUCT_NAME = "$(TARGET_NAME)";
				SWIFT_VERSION = 4.2;
				TARGETED_DEVICE_FAMILY = "1,2";
			};
			name = Release;
		};
		ADBA0E8C2217DE4E002AA8A7 /* Debug */ = {
			isa = XCBuildConfiguration;
			baseConfigurationReference = D4BD63660AED5AE80921CD9A /* Pods-TreehacksTests.debug.xcconfig */;
			buildSettings = {
				ALWAYS_EMBED_SWIFT_STANDARD_LIBRARIES = YES;
				BUNDLE_LOADER = "$(TEST_HOST)";
				CODE_SIGN_STYLE = Automatic;
				INFOPLIST_FILE = TreehacksTests/Info.plist;
				LD_RUNPATH_SEARCH_PATHS = (
					"$(inherited)",
					"@executable_path/Frameworks",
					"@loader_path/Frameworks",
				);
				PRODUCT_BUNDLE_IDENTIFIER = Treehacks.TreehacksTests;
				PRODUCT_NAME = "$(TARGET_NAME)";
				SWIFT_VERSION = 4.2;
				TARGETED_DEVICE_FAMILY = "1,2";
				TEST_HOST = "$(BUILT_PRODUCTS_DIR)/Treehacks.app/Treehacks";
			};
			name = Debug;
		};
		ADBA0E8D2217DE4E002AA8A7 /* Release */ = {
			isa = XCBuildConfiguration;
			baseConfigurationReference = EF4447E80580DA848A92E6E1 /* Pods-TreehacksTests.release.xcconfig */;
			buildSettings = {
				ALWAYS_EMBED_SWIFT_STANDARD_LIBRARIES = YES;
				BUNDLE_LOADER = "$(TEST_HOST)";
				CODE_SIGN_STYLE = Automatic;
				INFOPLIST_FILE = TreehacksTests/Info.plist;
				LD_RUNPATH_SEARCH_PATHS = (
					"$(inherited)",
					"@executable_path/Frameworks",
					"@loader_path/Frameworks",
				);
				PRODUCT_BUNDLE_IDENTIFIER = Treehacks.TreehacksTests;
				PRODUCT_NAME = "$(TARGET_NAME)";
				SWIFT_VERSION = 4.2;
				TARGETED_DEVICE_FAMILY = "1,2";
				TEST_HOST = "$(BUILT_PRODUCTS_DIR)/Treehacks.app/Treehacks";
			};
			name = Release;
		};
		ADBA0E8F2217DE4E002AA8A7 /* Debug */ = {
			isa = XCBuildConfiguration;
			baseConfigurationReference = E8C40C6935A7E5AD07488EED /* Pods-TreehacksUITests.debug.xcconfig */;
			buildSettings = {
				ALWAYS_EMBED_SWIFT_STANDARD_LIBRARIES = YES;
				CODE_SIGN_STYLE = Automatic;
				INFOPLIST_FILE = TreehacksUITests/Info.plist;
				LD_RUNPATH_SEARCH_PATHS = (
					"$(inherited)",
					"@executable_path/Frameworks",
					"@loader_path/Frameworks",
				);
				PRODUCT_BUNDLE_IDENTIFIER = Treehacks.TreehacksUITests;
				PRODUCT_NAME = "$(TARGET_NAME)";
				SWIFT_VERSION = 4.2;
				TARGETED_DEVICE_FAMILY = "1,2";
				TEST_TARGET_NAME = Treehacks;
			};
			name = Debug;
		};
		ADBA0E902217DE4E002AA8A7 /* Release */ = {
			isa = XCBuildConfiguration;
			baseConfigurationReference = 5076AFF8BA1A36A8CA06976F /* Pods-TreehacksUITests.release.xcconfig */;
			buildSettings = {
				ALWAYS_EMBED_SWIFT_STANDARD_LIBRARIES = YES;
				CODE_SIGN_STYLE = Automatic;
				INFOPLIST_FILE = TreehacksUITests/Info.plist;
				LD_RUNPATH_SEARCH_PATHS = (
					"$(inherited)",
					"@executable_path/Frameworks",
					"@loader_path/Frameworks",
				);
				PRODUCT_BUNDLE_IDENTIFIER = Treehacks.TreehacksUITests;
				PRODUCT_NAME = "$(TARGET_NAME)";
				SWIFT_VERSION = 4.2;
				TARGETED_DEVICE_FAMILY = "1,2";
				TEST_TARGET_NAME = Treehacks;
			};
			name = Release;
		};
/* End XCBuildConfiguration section */

/* Begin XCConfigurationList section */
		ADBA0E592217DE4C002AA8A7 /* Build configuration list for PBXProject "Treehacks" */ = {
			isa = XCConfigurationList;
			buildConfigurations = (
				ADBA0E862217DE4E002AA8A7 /* Debug */,
				ADBA0E872217DE4E002AA8A7 /* Release */,
			);
			defaultConfigurationIsVisible = 0;
			defaultConfigurationName = Release;
		};
		ADBA0E882217DE4E002AA8A7 /* Build configuration list for PBXNativeTarget "Treehacks" */ = {
			isa = XCConfigurationList;
			buildConfigurations = (
				ADBA0E892217DE4E002AA8A7 /* Debug */,
				ADBA0E8A2217DE4E002AA8A7 /* Release */,
			);
			defaultConfigurationIsVisible = 0;
			defaultConfigurationName = Release;
		};
		ADBA0E8B2217DE4E002AA8A7 /* Build configuration list for PBXNativeTarget "TreehacksTests" */ = {
			isa = XCConfigurationList;
			buildConfigurations = (
				ADBA0E8C2217DE4E002AA8A7 /* Debug */,
				ADBA0E8D2217DE4E002AA8A7 /* Release */,
			);
			defaultConfigurationIsVisible = 0;
			defaultConfigurationName = Release;
		};
		ADBA0E8E2217DE4E002AA8A7 /* Build configuration list for PBXNativeTarget "TreehacksUITests" */ = {
			isa = XCConfigurationList;
			buildConfigurations = (
				ADBA0E8F2217DE4E002AA8A7 /* Debug */,
				ADBA0E902217DE4E002AA8A7 /* Release */,
			);
			defaultConfigurationIsVisible = 0;
			defaultConfigurationName = Release;
		};
/* End XCConfigurationList section */
	};
	rootObject = ADBA0E562217DE4C002AA8A7 /* Project object */;
}
