// !$*UTF8*$!
{
	archiveVersion = 1;
	classes = {
	};
	objectVersion = 50;
	objects = {

/* Begin PBXBuildFile section */
		018E616EC2D0E7BCF3A94F99 /* Pods_Treehacks.framework in Frameworks */ = {isa = PBXBuildFile; fileRef = 60CEFBD7C1337816CC91CFFE /* Pods_Treehacks.framework */; };
		15E3DE21F63355E6A0FCD93B /* Pods_TreehacksUITests.framework in Frameworks */ = {isa = PBXBuildFile; fileRef = EEA63AA82A44DDE748899595 /* Pods_TreehacksUITests.framework */; };
		3D4791C785CA9D07C7739EC4 /* Pods_TreehacksTests.framework in Frameworks */ = {isa = PBXBuildFile; fileRef = 23727CD4E031A7275BECD5E4 /* Pods_TreehacksTests.framework */; };
		ADD6FE1022189E1D00139967 /* AppDelegate.swift in Sources */ = {isa = PBXBuildFile; fileRef = ADD6FE0F22189E1D00139967 /* AppDelegate.swift */; };
		ADD6FE1222189E1D00139967 /* SignUpViewController.swift in Sources */ = {isa = PBXBuildFile; fileRef = ADD6FE1122189E1D00139967 /* SignUpViewController.swift */; };
		ADD6FE1422189E1D00139967 /* HomeViewController.swift in Sources */ = {isa = PBXBuildFile; fileRef = ADD6FE1322189E1D00139967 /* HomeViewController.swift */; };
		ADD6FE1722189E1D00139967 /* Main.storyboard in Resources */ = {isa = PBXBuildFile; fileRef = ADD6FE1522189E1D00139967 /* Main.storyboard */; };
		ADD6FE1922189E1E00139967 /* Assets.xcassets in Resources */ = {isa = PBXBuildFile; fileRef = ADD6FE1822189E1E00139967 /* Assets.xcassets */; };
		ADD6FE1C22189E1E00139967 /* LaunchScreen.storyboard in Resources */ = {isa = PBXBuildFile; fileRef = ADD6FE1A22189E1E00139967 /* LaunchScreen.storyboard */; };
		ADD6FE2722189E1E00139967 /* TreehacksTests.swift in Sources */ = {isa = PBXBuildFile; fileRef = ADD6FE2622189E1E00139967 /* TreehacksTests.swift */; };
		ADD6FE3222189E1E00139967 /* TreehacksUITests.swift in Sources */ = {isa = PBXBuildFile; fileRef = ADD6FE3122189E1E00139967 /* TreehacksUITests.swift */; };
		ADD6FE4022189EED00139967 /* LoginViewController.swift in Sources */ = {isa = PBXBuildFile; fileRef = ADD6FE3F22189EED00139967 /* LoginViewController.swift */; };
		ADD6FE4222189F0200139967 /* ResetPasswordViewController.swift in Sources */ = {isa = PBXBuildFile; fileRef = ADD6FE4122189F0200139967 /* ResetPasswordViewController.swift */; };
		ADD6FE4422189F6500139967 /* GoogleService-Info.plist in Resources */ = {isa = PBXBuildFile; fileRef = ADD6FE4322189F6500139967 /* GoogleService-Info.plist */; };
		FC2A17272218AE8900B4C506 /* RankViewController.swift in Sources */ = {isa = PBXBuildFile; fileRef = FC2A17262218AE8900B4C506 /* RankViewController.swift */; };
/* End PBXBuildFile section */

/* Begin PBXContainerItemProxy section */
		ADD6FE2322189E1E00139967 /* PBXContainerItemProxy */ = {
			isa = PBXContainerItemProxy;
			containerPortal = ADD6FE0422189E1D00139967 /* Project object */;
			proxyType = 1;
			remoteGlobalIDString = ADD6FE0B22189E1D00139967;
			remoteInfo = Treehacks;
		};
		ADD6FE2E22189E1E00139967 /* PBXContainerItemProxy */ = {
			isa = PBXContainerItemProxy;
			containerPortal = ADD6FE0422189E1D00139967 /* Project object */;
			proxyType = 1;
			remoteGlobalIDString = ADD6FE0B22189E1D00139967;
			remoteInfo = Treehacks;
		};
/* End PBXContainerItemProxy section */

/* Begin PBXFileReference section */
		0AA31E9E521A2FB6AFAF4504 /* Pods-Treehacks.debug.xcconfig */ = {isa = PBXFileReference; includeInIndex = 1; lastKnownFileType = text.xcconfig; name = "Pods-Treehacks.debug.xcconfig"; path = "Target Support Files/Pods-Treehacks/Pods-Treehacks.debug.xcconfig"; sourceTree = "<group>"; };
		23727CD4E031A7275BECD5E4 /* Pods_TreehacksTests.framework */ = {isa = PBXFileReference; explicitFileType = wrapper.framework; includeInIndex = 0; path = Pods_TreehacksTests.framework; sourceTree = BUILT_PRODUCTS_DIR; };
		4FFE3E896597536E545AD754 /* Pods-TreehacksUITests.debug.xcconfig */ = {isa = PBXFileReference; includeInIndex = 1; lastKnownFileType = text.xcconfig; name = "Pods-TreehacksUITests.debug.xcconfig"; path = "Target Support Files/Pods-TreehacksUITests/Pods-TreehacksUITests.debug.xcconfig"; sourceTree = "<group>"; };
		60CEFBD7C1337816CC91CFFE /* Pods_Treehacks.framework */ = {isa = PBXFileReference; explicitFileType = wrapper.framework; includeInIndex = 0; path = Pods_Treehacks.framework; sourceTree = BUILT_PRODUCTS_DIR; };
		95E43B16EC66C98668930B8A /* Pods-Treehacks.release.xcconfig */ = {isa = PBXFileReference; includeInIndex = 1; lastKnownFileType = text.xcconfig; name = "Pods-Treehacks.release.xcconfig"; path = "Target Support Files/Pods-Treehacks/Pods-Treehacks.release.xcconfig"; sourceTree = "<group>"; };
		ADD6FE0C22189E1D00139967 /* Treehacks.app */ = {isa = PBXFileReference; explicitFileType = wrapper.application; includeInIndex = 0; path = Treehacks.app; sourceTree = BUILT_PRODUCTS_DIR; };
		ADD6FE0F22189E1D00139967 /* AppDelegate.swift */ = {isa = PBXFileReference; lastKnownFileType = sourcecode.swift; path = AppDelegate.swift; sourceTree = "<group>"; };
		ADD6FE1122189E1D00139967 /* SignUpViewController.swift */ = {isa = PBXFileReference; lastKnownFileType = sourcecode.swift; path = SignUpViewController.swift; sourceTree = "<group>"; };
		ADD6FE1322189E1D00139967 /* HomeViewController.swift */ = {isa = PBXFileReference; lastKnownFileType = sourcecode.swift; path = HomeViewController.swift; sourceTree = "<group>"; };
		ADD6FE1622189E1D00139967 /* Base */ = {isa = PBXFileReference; lastKnownFileType = file.storyboard; name = Base; path = Base.lproj/Main.storyboard; sourceTree = "<group>"; };
		ADD6FE1822189E1E00139967 /* Assets.xcassets */ = {isa = PBXFileReference; lastKnownFileType = folder.assetcatalog; path = Assets.xcassets; sourceTree = "<group>"; };
		ADD6FE1B22189E1E00139967 /* Base */ = {isa = PBXFileReference; lastKnownFileType = file.storyboard; name = Base; path = Base.lproj/LaunchScreen.storyboard; sourceTree = "<group>"; };
		ADD6FE1D22189E1E00139967 /* Info.plist */ = {isa = PBXFileReference; lastKnownFileType = text.plist.xml; path = Info.plist; sourceTree = "<group>"; };
		ADD6FE2222189E1E00139967 /* TreehacksTests.xctest */ = {isa = PBXFileReference; explicitFileType = wrapper.cfbundle; includeInIndex = 0; path = TreehacksTests.xctest; sourceTree = BUILT_PRODUCTS_DIR; };
		ADD6FE2622189E1E00139967 /* TreehacksTests.swift */ = {isa = PBXFileReference; lastKnownFileType = sourcecode.swift; path = TreehacksTests.swift; sourceTree = "<group>"; };
		ADD6FE2822189E1E00139967 /* Info.plist */ = {isa = PBXFileReference; lastKnownFileType = text.plist.xml; path = Info.plist; sourceTree = "<group>"; };
		ADD6FE2D22189E1E00139967 /* TreehacksUITests.xctest */ = {isa = PBXFileReference; explicitFileType = wrapper.cfbundle; includeInIndex = 0; path = TreehacksUITests.xctest; sourceTree = BUILT_PRODUCTS_DIR; };
		ADD6FE3122189E1E00139967 /* TreehacksUITests.swift */ = {isa = PBXFileReference; lastKnownFileType = sourcecode.swift; path = TreehacksUITests.swift; sourceTree = "<group>"; };
		ADD6FE3322189E1E00139967 /* Info.plist */ = {isa = PBXFileReference; lastKnownFileType = text.plist.xml; path = Info.plist; sourceTree = "<group>"; };
		ADD6FE3F22189EED00139967 /* LoginViewController.swift */ = {isa = PBXFileReference; lastKnownFileType = sourcecode.swift; path = LoginViewController.swift; sourceTree = "<group>"; };
		ADD6FE4122189F0200139967 /* ResetPasswordViewController.swift */ = {isa = PBXFileReference; lastKnownFileType = sourcecode.swift; path = ResetPasswordViewController.swift; sourceTree = "<group>"; };
		ADD6FE4322189F6500139967 /* GoogleService-Info.plist */ = {isa = PBXFileReference; lastKnownFileType = text.plist.xml; name = "GoogleService-Info.plist"; path = "../../../../Downloads/GoogleService-Info.plist"; sourceTree = "<group>"; };
		C7D1CE016A708A93A2A89609 /* Pods-TreehacksUITests.release.xcconfig */ = {isa = PBXFileReference; includeInIndex = 1; lastKnownFileType = text.xcconfig; name = "Pods-TreehacksUITests.release.xcconfig"; path = "Target Support Files/Pods-TreehacksUITests/Pods-TreehacksUITests.release.xcconfig"; sourceTree = "<group>"; };
		E28DBDD38108CAD172756DCB /* Pods-TreehacksTests.debug.xcconfig */ = {isa = PBXFileReference; includeInIndex = 1; lastKnownFileType = text.xcconfig; name = "Pods-TreehacksTests.debug.xcconfig"; path = "Target Support Files/Pods-TreehacksTests/Pods-TreehacksTests.debug.xcconfig"; sourceTree = "<group>"; };
		EEA63AA82A44DDE748899595 /* Pods_TreehacksUITests.framework */ = {isa = PBXFileReference; explicitFileType = wrapper.framework; includeInIndex = 0; path = Pods_TreehacksUITests.framework; sourceTree = BUILT_PRODUCTS_DIR; };
		FB191E41FFD22AFDDA6788CE /* Pods-TreehacksTests.release.xcconfig */ = {isa = PBXFileReference; includeInIndex = 1; lastKnownFileType = text.xcconfig; name = "Pods-TreehacksTests.release.xcconfig"; path = "Target Support Files/Pods-TreehacksTests/Pods-TreehacksTests.release.xcconfig"; sourceTree = "<group>"; };
		FC2A17262218AE8900B4C506 /* RankViewController.swift */ = {isa = PBXFileReference; lastKnownFileType = sourcecode.swift; path = RankViewController.swift; sourceTree = "<group>"; };
/* End PBXFileReference section */

/* Begin PBXFrameworksBuildPhase section */
		ADD6FE0922189E1D00139967 /* Frameworks */ = {
			isa = PBXFrameworksBuildPhase;
			buildActionMask = 2147483647;
			files = (
				018E616EC2D0E7BCF3A94F99 /* Pods_Treehacks.framework in Frameworks */,
			);
			runOnlyForDeploymentPostprocessing = 0;
		};
		ADD6FE1F22189E1E00139967 /* Frameworks */ = {
			isa = PBXFrameworksBuildPhase;
			buildActionMask = 2147483647;
			files = (
				3D4791C785CA9D07C7739EC4 /* Pods_TreehacksTests.framework in Frameworks */,
			);
			runOnlyForDeploymentPostprocessing = 0;
		};
		ADD6FE2A22189E1E00139967 /* Frameworks */ = {
			isa = PBXFrameworksBuildPhase;
			buildActionMask = 2147483647;
			files = (
				15E3DE21F63355E6A0FCD93B /* Pods_TreehacksUITests.framework in Frameworks */,
			);
			runOnlyForDeploymentPostprocessing = 0;
		};
/* End PBXFrameworksBuildPhase section */

/* Begin PBXGroup section */
		8E7A16E486CF2EBAC748CAB5 /* Frameworks */ = {
			isa = PBXGroup;
			children = (
				60CEFBD7C1337816CC91CFFE /* Pods_Treehacks.framework */,
				23727CD4E031A7275BECD5E4 /* Pods_TreehacksTests.framework */,
				EEA63AA82A44DDE748899595 /* Pods_TreehacksUITests.framework */,
			);
			name = Frameworks;
			sourceTree = "<group>";
		};
		A3FD17A4CF8B94F7CC12D0D8 /* Pods */ = {
			isa = PBXGroup;
			children = (
				0AA31E9E521A2FB6AFAF4504 /* Pods-Treehacks.debug.xcconfig */,
				95E43B16EC66C98668930B8A /* Pods-Treehacks.release.xcconfig */,
				E28DBDD38108CAD172756DCB /* Pods-TreehacksTests.debug.xcconfig */,
				FB191E41FFD22AFDDA6788CE /* Pods-TreehacksTests.release.xcconfig */,
				4FFE3E896597536E545AD754 /* Pods-TreehacksUITests.debug.xcconfig */,
				C7D1CE016A708A93A2A89609 /* Pods-TreehacksUITests.release.xcconfig */,
			);
			path = Pods;
			sourceTree = "<group>";
		};
		ADD6FE0322189E1D00139967 = {
			isa = PBXGroup;
			children = (
				ADD6FE0E22189E1D00139967 /* Treehacks */,
				ADD6FE2522189E1E00139967 /* TreehacksTests */,
				ADD6FE3022189E1E00139967 /* TreehacksUITests */,
				ADD6FE0D22189E1D00139967 /* Products */,
				A3FD17A4CF8B94F7CC12D0D8 /* Pods */,
				8E7A16E486CF2EBAC748CAB5 /* Frameworks */,
			);
			sourceTree = "<group>";
		};
		ADD6FE0D22189E1D00139967 /* Products */ = {
			isa = PBXGroup;
			children = (
				ADD6FE0C22189E1D00139967 /* Treehacks.app */,
				ADD6FE2222189E1E00139967 /* TreehacksTests.xctest */,
				ADD6FE2D22189E1E00139967 /* TreehacksUITests.xctest */,
			);
			name = Products;
			sourceTree = "<group>";
		};
		ADD6FE0E22189E1D00139967 /* Treehacks */ = {
			isa = PBXGroup;
			children = (
				ADD6FE0F22189E1D00139967 /* AppDelegate.swift */,
				ADD6FE1122189E1D00139967 /* SignUpViewController.swift */,
				ADD6FE1322189E1D00139967 /* HomeViewController.swift */,
				FC2A17262218AE8900B4C506 /* RankViewController.swift */,
				ADD6FE1522189E1D00139967 /* Main.storyboard */,
				ADD6FE1822189E1E00139967 /* Assets.xcassets */,
				ADD6FE1A22189E1E00139967 /* LaunchScreen.storyboard */,
				ADD6FE1D22189E1E00139967 /* Info.plist */,
				ADD6FE3F22189EED00139967 /* LoginViewController.swift */,
				ADD6FE4322189F6500139967 /* GoogleService-Info.plist */,
				ADD6FE4122189F0200139967 /* ResetPasswordViewController.swift */,
			);
			path = Treehacks;
			sourceTree = "<group>";
		};
		ADD6FE2522189E1E00139967 /* TreehacksTests */ = {
			isa = PBXGroup;
			children = (
				ADD6FE2622189E1E00139967 /* TreehacksTests.swift */,
				ADD6FE2822189E1E00139967 /* Info.plist */,
			);
			path = TreehacksTests;
			sourceTree = "<group>";
		};
		ADD6FE3022189E1E00139967 /* TreehacksUITests */ = {
			isa = PBXGroup;
			children = (
				ADD6FE3122189E1E00139967 /* TreehacksUITests.swift */,
				ADD6FE3322189E1E00139967 /* Info.plist */,
			);
			path = TreehacksUITests;
			sourceTree = "<group>";
		};
/* End PBXGroup section */

/* Begin PBXNativeTarget section */
		ADD6FE0B22189E1D00139967 /* Treehacks */ = {
			isa = PBXNativeTarget;
			buildConfigurationList = ADD6FE3622189E1E00139967 /* Build configuration list for PBXNativeTarget "Treehacks" */;
			buildPhases = (
				01CFC47830A5CFD5EF127810 /* [CP] Check Pods Manifest.lock */,
				ADD6FE0822189E1D00139967 /* Sources */,
				ADD6FE0922189E1D00139967 /* Frameworks */,
				ADD6FE0A22189E1D00139967 /* Resources */,
				A66C1E67A01514319D4873DB /* [CP] Embed Pods Frameworks */,
			);
			buildRules = (
			);
			dependencies = (
			);
			name = Treehacks;
			productName = Treehacks;
			productReference = ADD6FE0C22189E1D00139967 /* Treehacks.app */;
			productType = "com.apple.product-type.application";
		};
		ADD6FE2122189E1E00139967 /* TreehacksTests */ = {
			isa = PBXNativeTarget;
			buildConfigurationList = ADD6FE3922189E1E00139967 /* Build configuration list for PBXNativeTarget "TreehacksTests" */;
			buildPhases = (
				8CE22FB735F69BB032843F85 /* [CP] Check Pods Manifest.lock */,
				ADD6FE1E22189E1E00139967 /* Sources */,
				ADD6FE1F22189E1E00139967 /* Frameworks */,
				ADD6FE2022189E1E00139967 /* Resources */,
			);
			buildRules = (
			);
			dependencies = (
				ADD6FE2422189E1E00139967 /* PBXTargetDependency */,
			);
			name = TreehacksTests;
			productName = TreehacksTests;
			productReference = ADD6FE2222189E1E00139967 /* TreehacksTests.xctest */;
			productType = "com.apple.product-type.bundle.unit-test";
		};
		ADD6FE2C22189E1E00139967 /* TreehacksUITests */ = {
			isa = PBXNativeTarget;
			buildConfigurationList = ADD6FE3C22189E1E00139967 /* Build configuration list for PBXNativeTarget "TreehacksUITests" */;
			buildPhases = (
				B5FCE75A20C76507F49583CD /* [CP] Check Pods Manifest.lock */,
				ADD6FE2922189E1E00139967 /* Sources */,
				ADD6FE2A22189E1E00139967 /* Frameworks */,
				ADD6FE2B22189E1E00139967 /* Resources */,
			);
			buildRules = (
			);
			dependencies = (
				ADD6FE2F22189E1E00139967 /* PBXTargetDependency */,
			);
			name = TreehacksUITests;
			productName = TreehacksUITests;
			productReference = ADD6FE2D22189E1E00139967 /* TreehacksUITests.xctest */;
			productType = "com.apple.product-type.bundle.ui-testing";
		};
/* End PBXNativeTarget section */

/* Begin PBXProject section */
		ADD6FE0422189E1D00139967 /* Project object */ = {
			isa = PBXProject;
			attributes = {
				LastSwiftUpdateCheck = 1010;
				LastUpgradeCheck = 1010;
				ORGANIZATIONNAME = "Katie Mishra";
				TargetAttributes = {
					ADD6FE0B22189E1D00139967 = {
						CreatedOnToolsVersion = 10.1;
					};
					ADD6FE2122189E1E00139967 = {
						CreatedOnToolsVersion = 10.1;
						TestTargetID = ADD6FE0B22189E1D00139967;
					};
					ADD6FE2C22189E1E00139967 = {
						CreatedOnToolsVersion = 10.1;
						TestTargetID = ADD6FE0B22189E1D00139967;
					};
				};
			};
			buildConfigurationList = ADD6FE0722189E1D00139967 /* Build configuration list for PBXProject "Treehacks" */;
			compatibilityVersion = "Xcode 9.3";
			developmentRegion = en;
			hasScannedForEncodings = 0;
			knownRegions = (
				en,
				Base,
			);
			mainGroup = ADD6FE0322189E1D00139967;
			productRefGroup = ADD6FE0D22189E1D00139967 /* Products */;
			projectDirPath = "";
			projectRoot = "";
			targets = (
				ADD6FE0B22189E1D00139967 /* Treehacks */,
				ADD6FE2122189E1E00139967 /* TreehacksTests */,
				ADD6FE2C22189E1E00139967 /* TreehacksUITests */,
			);
		};
/* End PBXProject section */

/* Begin PBXResourcesBuildPhase section */
		ADD6FE0A22189E1D00139967 /* Resources */ = {
			isa = PBXResourcesBuildPhase;
			buildActionMask = 2147483647;
			files = (
				ADD6FE1C22189E1E00139967 /* LaunchScreen.storyboard in Resources */,
				ADD6FE1922189E1E00139967 /* Assets.xcassets in Resources */,
				ADD6FE1722189E1D00139967 /* Main.storyboard in Resources */,
				ADD6FE4422189F6500139967 /* GoogleService-Info.plist in Resources */,
			);
			runOnlyForDeploymentPostprocessing = 0;
		};
		ADD6FE2022189E1E00139967 /* Resources */ = {
			isa = PBXResourcesBuildPhase;
			buildActionMask = 2147483647;
			files = (
			);
			runOnlyForDeploymentPostprocessing = 0;
		};
		ADD6FE2B22189E1E00139967 /* Resources */ = {
			isa = PBXResourcesBuildPhase;
			buildActionMask = 2147483647;
			files = (
			);
			runOnlyForDeploymentPostprocessing = 0;
		};
/* End PBXResourcesBuildPhase section */

/* Begin PBXShellScriptBuildPhase section */
		01CFC47830A5CFD5EF127810 /* [CP] Check Pods Manifest.lock */ = {
			isa = PBXShellScriptBuildPhase;
			buildActionMask = 2147483647;
			files = (
			);
			inputFileListPaths = (
			);
			inputPaths = (
				"${PODS_PODFILE_DIR_PATH}/Podfile.lock",
				"${PODS_ROOT}/Manifest.lock",
			);
			name = "[CP] Check Pods Manifest.lock";
			outputFileListPaths = (
			);
			outputPaths = (
				"$(DERIVED_FILE_DIR)/Pods-Treehacks-checkManifestLockResult.txt",
			);
			runOnlyForDeploymentPostprocessing = 0;
			shellPath = /bin/sh;
			shellScript = "diff \"${PODS_PODFILE_DIR_PATH}/Podfile.lock\" \"${PODS_ROOT}/Manifest.lock\" > /dev/null\nif [ $? != 0 ] ; then\n    # print error to STDERR\n    echo \"error: The sandbox is not in sync with the Podfile.lock. Run 'pod install' or update your CocoaPods installation.\" >&2\n    exit 1\nfi\n# This output is used by Xcode 'outputs' to avoid re-running this script phase.\necho \"SUCCESS\" > \"${SCRIPT_OUTPUT_FILE_0}\"\n";
			showEnvVarsInLog = 0;
		};
		8CE22FB735F69BB032843F85 /* [CP] Check Pods Manifest.lock */ = {
			isa = PBXShellScriptBuildPhase;
			buildActionMask = 2147483647;
			files = (
			);
			inputFileListPaths = (
			);
			inputPaths = (
				"${PODS_PODFILE_DIR_PATH}/Podfile.lock",
				"${PODS_ROOT}/Manifest.lock",
			);
			name = "[CP] Check Pods Manifest.lock";
			outputFileListPaths = (
			);
			outputPaths = (
				"$(DERIVED_FILE_DIR)/Pods-TreehacksTests-checkManifestLockResult.txt",
			);
			runOnlyForDeploymentPostprocessing = 0;
			shellPath = /bin/sh;
			shellScript = "diff \"${PODS_PODFILE_DIR_PATH}/Podfile.lock\" \"${PODS_ROOT}/Manifest.lock\" > /dev/null\nif [ $? != 0 ] ; then\n    # print error to STDERR\n    echo \"error: The sandbox is not in sync with the Podfile.lock. Run 'pod install' or update your CocoaPods installation.\" >&2\n    exit 1\nfi\n# This output is used by Xcode 'outputs' to avoid re-running this script phase.\necho \"SUCCESS\" > \"${SCRIPT_OUTPUT_FILE_0}\"\n";
			showEnvVarsInLog = 0;
		};
		A66C1E67A01514319D4873DB /* [CP] Embed Pods Frameworks */ = {
			isa = PBXShellScriptBuildPhase;
			buildActionMask = 2147483647;
			files = (
			);
			inputFileListPaths = (
			);
			inputPaths = (
				"${PODS_ROOT}/Target Support Files/Pods-Treehacks/Pods-Treehacks-frameworks.sh",
				"${BUILT_PRODUCTS_DIR}/BoringSSL-GRPC/openssl_grpc.framework",
				"${BUILT_PRODUCTS_DIR}/GTMSessionFetcher/GTMSessionFetcher.framework",
				"${BUILT_PRODUCTS_DIR}/GoogleUtilities/GoogleUtilities.framework",
				"${BUILT_PRODUCTS_DIR}/Protobuf/Protobuf.framework",
				"${BUILT_PRODUCTS_DIR}/gRPC-C++/grpcpp.framework",
				"${BUILT_PRODUCTS_DIR}/gRPC-Core/grpc.framework",
				"${BUILT_PRODUCTS_DIR}/leveldb-library/leveldb.framework",
				"${BUILT_PRODUCTS_DIR}/nanopb/nanopb.framework",
			);
			name = "[CP] Embed Pods Frameworks";
			outputFileListPaths = (
			);
			outputPaths = (
				"${TARGET_BUILD_DIR}/${FRAMEWORKS_FOLDER_PATH}/openssl_grpc.framework",
				"${TARGET_BUILD_DIR}/${FRAMEWORKS_FOLDER_PATH}/GTMSessionFetcher.framework",
				"${TARGET_BUILD_DIR}/${FRAMEWORKS_FOLDER_PATH}/GoogleUtilities.framework",
				"${TARGET_BUILD_DIR}/${FRAMEWORKS_FOLDER_PATH}/Protobuf.framework",
				"${TARGET_BUILD_DIR}/${FRAMEWORKS_FOLDER_PATH}/grpcpp.framework",
				"${TARGET_BUILD_DIR}/${FRAMEWORKS_FOLDER_PATH}/grpc.framework",
				"${TARGET_BUILD_DIR}/${FRAMEWORKS_FOLDER_PATH}/leveldb.framework",
				"${TARGET_BUILD_DIR}/${FRAMEWORKS_FOLDER_PATH}/nanopb.framework",
			);
			runOnlyForDeploymentPostprocessing = 0;
			shellPath = /bin/sh;
			shellScript = "\"${PODS_ROOT}/Target Support Files/Pods-Treehacks/Pods-Treehacks-frameworks.sh\"\n";
			showEnvVarsInLog = 0;
		};
		B5FCE75A20C76507F49583CD /* [CP] Check Pods Manifest.lock */ = {
			isa = PBXShellScriptBuildPhase;
			buildActionMask = 2147483647;
			files = (
			);
			inputFileListPaths = (
			);
			inputPaths = (
				"${PODS_PODFILE_DIR_PATH}/Podfile.lock",
				"${PODS_ROOT}/Manifest.lock",
			);
			name = "[CP] Check Pods Manifest.lock";
			outputFileListPaths = (
			);
			outputPaths = (
				"$(DERIVED_FILE_DIR)/Pods-TreehacksUITests-checkManifestLockResult.txt",
			);
			runOnlyForDeploymentPostprocessing = 0;
			shellPath = /bin/sh;
			shellScript = "diff \"${PODS_PODFILE_DIR_PATH}/Podfile.lock\" \"${PODS_ROOT}/Manifest.lock\" > /dev/null\nif [ $? != 0 ] ; then\n    # print error to STDERR\n    echo \"error: The sandbox is not in sync with the Podfile.lock. Run 'pod install' or update your CocoaPods installation.\" >&2\n    exit 1\nfi\n# This output is used by Xcode 'outputs' to avoid re-running this script phase.\necho \"SUCCESS\" > \"${SCRIPT_OUTPUT_FILE_0}\"\n";
			showEnvVarsInLog = 0;
		};
/* End PBXShellScriptBuildPhase section */

/* Begin PBXSourcesBuildPhase section */
		ADD6FE0822189E1D00139967 /* Sources */ = {
			isa = PBXSourcesBuildPhase;
			buildActionMask = 2147483647;
			files = (
				ADD6FE4022189EED00139967 /* LoginViewController.swift in Sources */,
				ADD6FE1422189E1D00139967 /* HomeViewController.swift in Sources */,
				FC2A17272218AE8900B4C506 /* RankViewController.swift in Sources */,
				ADD6FE4222189F0200139967 /* ResetPasswordViewController.swift in Sources */,
				ADD6FE1022189E1D00139967 /* AppDelegate.swift in Sources */,
				ADD6FE1222189E1D00139967 /* SignUpViewController.swift in Sources */,
			);
			runOnlyForDeploymentPostprocessing = 0;
		};
		ADD6FE1E22189E1E00139967 /* Sources */ = {
			isa = PBXSourcesBuildPhase;
			buildActionMask = 2147483647;
			files = (
				ADD6FE2722189E1E00139967 /* TreehacksTests.swift in Sources */,
			);
			runOnlyForDeploymentPostprocessing = 0;
		};
		ADD6FE2922189E1E00139967 /* Sources */ = {
			isa = PBXSourcesBuildPhase;
			buildActionMask = 2147483647;
			files = (
				ADD6FE3222189E1E00139967 /* TreehacksUITests.swift in Sources */,
			);
			runOnlyForDeploymentPostprocessing = 0;
		};
/* End PBXSourcesBuildPhase section */

/* Begin PBXTargetDependency section */
		ADD6FE2422189E1E00139967 /* PBXTargetDependency */ = {
			isa = PBXTargetDependency;
			target = ADD6FE0B22189E1D00139967 /* Treehacks */;
			targetProxy = ADD6FE2322189E1E00139967 /* PBXContainerItemProxy */;
		};
		ADD6FE2F22189E1E00139967 /* PBXTargetDependency */ = {
			isa = PBXTargetDependency;
			target = ADD6FE0B22189E1D00139967 /* Treehacks */;
			targetProxy = ADD6FE2E22189E1E00139967 /* PBXContainerItemProxy */;
		};
/* End PBXTargetDependency section */

/* Begin PBXVariantGroup section */
		ADD6FE1522189E1D00139967 /* Main.storyboard */ = {
			isa = PBXVariantGroup;
			children = (
				ADD6FE1622189E1D00139967 /* Base */,
			);
			name = Main.storyboard;
			sourceTree = "<group>";
		};
		ADD6FE1A22189E1E00139967 /* LaunchScreen.storyboard */ = {
			isa = PBXVariantGroup;
			children = (
				ADD6FE1B22189E1E00139967 /* Base */,
			);
			name = LaunchScreen.storyboard;
			sourceTree = "<group>";
		};
/* End PBXVariantGroup section */

/* Begin XCBuildConfiguration section */
		ADD6FE3422189E1E00139967 /* Debug */ = {
			isa = XCBuildConfiguration;
			buildSettings = {
				ALWAYS_SEARCH_USER_PATHS = NO;
				CLANG_ANALYZER_NONNULL = YES;
				CLANG_ANALYZER_NUMBER_OBJECT_CONVERSION = YES_AGGRESSIVE;
				CLANG_CXX_LANGUAGE_STANDARD = "gnu++14";
				CLANG_CXX_LIBRARY = "libc++";
				CLANG_ENABLE_MODULES = YES;
				CLANG_ENABLE_OBJC_ARC = YES;
				CLANG_ENABLE_OBJC_WEAK = YES;
				CLANG_WARN_BLOCK_CAPTURE_AUTORELEASING = YES;
				CLANG_WARN_BOOL_CONVERSION = YES;
				CLANG_WARN_COMMA = YES;
				CLANG_WARN_CONSTANT_CONVERSION = YES;
				CLANG_WARN_DEPRECATED_OBJC_IMPLEMENTATIONS = YES;
				CLANG_WARN_DIRECT_OBJC_ISA_USAGE = YES_ERROR;
				CLANG_WARN_DOCUMENTATION_COMMENTS = YES;
				CLANG_WARN_EMPTY_BODY = YES;
				CLANG_WARN_ENUM_CONVERSION = YES;
				CLANG_WARN_INFINITE_RECURSION = YES;
				CLANG_WARN_INT_CONVERSION = YES;
				CLANG_WARN_NON_LITERAL_NULL_CONVERSION = YES;
				CLANG_WARN_OBJC_IMPLICIT_RETAIN_SELF = YES;
				CLANG_WARN_OBJC_LITERAL_CONVERSION = YES;
				CLANG_WARN_OBJC_ROOT_CLASS = YES_ERROR;
				CLANG_WARN_RANGE_LOOP_ANALYSIS = YES;
				CLANG_WARN_STRICT_PROTOTYPES = YES;
				CLANG_WARN_SUSPICIOUS_MOVE = YES;
				CLANG_WARN_UNGUARDED_AVAILABILITY = YES_AGGRESSIVE;
				CLANG_WARN_UNREACHABLE_CODE = YES;
				CLANG_WARN__DUPLICATE_METHOD_MATCH = YES;
				CODE_SIGN_IDENTITY = "iPhone Developer";
				COPY_PHASE_STRIP = NO;
				DEBUG_INFORMATION_FORMAT = dwarf;
				ENABLE_STRICT_OBJC_MSGSEND = YES;
				ENABLE_TESTABILITY = YES;
				GCC_C_LANGUAGE_STANDARD = gnu11;
				GCC_DYNAMIC_NO_PIC = NO;
				GCC_NO_COMMON_BLOCKS = YES;
				GCC_OPTIMIZATION_LEVEL = 0;
				GCC_PREPROCESSOR_DEFINITIONS = (
					"DEBUG=1",
					"$(inherited)",
				);
				GCC_WARN_64_TO_32_BIT_CONVERSION = YES;
				GCC_WARN_ABOUT_RETURN_TYPE = YES_ERROR;
				GCC_WARN_UNDECLARED_SELECTOR = YES;
				GCC_WARN_UNINITIALIZED_AUTOS = YES_AGGRESSIVE;
				GCC_WARN_UNUSED_FUNCTION = YES;
				GCC_WARN_UNUSED_VARIABLE = YES;
				IPHONEOS_DEPLOYMENT_TARGET = 12.1;
				MTL_ENABLE_DEBUG_INFO = INCLUDE_SOURCE;
				MTL_FAST_MATH = YES;
				ONLY_ACTIVE_ARCH = YES;
				SDKROOT = iphoneos;
				SWIFT_ACTIVE_COMPILATION_CONDITIONS = DEBUG;
				SWIFT_OPTIMIZATION_LEVEL = "-Onone";
			};
			name = Debug;
		};
		ADD6FE3522189E1E00139967 /* Release */ = {
			isa = XCBuildConfiguration;
			buildSettings = {
				ALWAYS_SEARCH_USER_PATHS = NO;
				CLANG_ANALYZER_NONNULL = YES;
				CLANG_ANALYZER_NUMBER_OBJECT_CONVERSION = YES_AGGRESSIVE;
				CLANG_CXX_LANGUAGE_STANDARD = "gnu++14";
				CLANG_CXX_LIBRARY = "libc++";
				CLANG_ENABLE_MODULES = YES;
				CLANG_ENABLE_OBJC_ARC = YES;
				CLANG_ENABLE_OBJC_WEAK = YES;
				CLANG_WARN_BLOCK_CAPTURE_AUTORELEASING = YES;
				CLANG_WARN_BOOL_CONVERSION = YES;
				CLANG_WARN_COMMA = YES;
				CLANG_WARN_CONSTANT_CONVERSION = YES;
				CLANG_WARN_DEPRECATED_OBJC_IMPLEMENTATIONS = YES;
				CLANG_WARN_DIRECT_OBJC_ISA_USAGE = YES_ERROR;
				CLANG_WARN_DOCUMENTATION_COMMENTS = YES;
				CLANG_WARN_EMPTY_BODY = YES;
				CLANG_WARN_ENUM_CONVERSION = YES;
				CLANG_WARN_INFINITE_RECURSION = YES;
				CLANG_WARN_INT_CONVERSION = YES;
				CLANG_WARN_NON_LITERAL_NULL_CONVERSION = YES;
				CLANG_WARN_OBJC_IMPLICIT_RETAIN_SELF = YES;
				CLANG_WARN_OBJC_LITERAL_CONVERSION = YES;
				CLANG_WARN_OBJC_ROOT_CLASS = YES_ERROR;
				CLANG_WARN_RANGE_LOOP_ANALYSIS = YES;
				CLANG_WARN_STRICT_PROTOTYPES = YES;
				CLANG_WARN_SUSPICIOUS_MOVE = YES;
				CLANG_WARN_UNGUARDED_AVAILABILITY = YES_AGGRESSIVE;
				CLANG_WARN_UNREACHABLE_CODE = YES;
				CLANG_WARN__DUPLICATE_METHOD_MATCH = YES;
				CODE_SIGN_IDENTITY = "iPhone Developer";
				COPY_PHASE_STRIP = NO;
				DEBUG_INFORMATION_FORMAT = "dwarf-with-dsym";
				ENABLE_NS_ASSERTIONS = NO;
				ENABLE_STRICT_OBJC_MSGSEND = YES;
				GCC_C_LANGUAGE_STANDARD = gnu11;
				GCC_NO_COMMON_BLOCKS = YES;
				GCC_WARN_64_TO_32_BIT_CONVERSION = YES;
				GCC_WARN_ABOUT_RETURN_TYPE = YES_ERROR;
				GCC_WARN_UNDECLARED_SELECTOR = YES;
				GCC_WARN_UNINITIALIZED_AUTOS = YES_AGGRESSIVE;
				GCC_WARN_UNUSED_FUNCTION = YES;
				GCC_WARN_UNUSED_VARIABLE = YES;
				IPHONEOS_DEPLOYMENT_TARGET = 12.1;
				MTL_ENABLE_DEBUG_INFO = NO;
				MTL_FAST_MATH = YES;
				SDKROOT = iphoneos;
				SWIFT_COMPILATION_MODE = wholemodule;
				SWIFT_OPTIMIZATION_LEVEL = "-O";
				VALIDATE_PRODUCT = YES;
			};
			name = Release;
		};
		ADD6FE3722189E1E00139967 /* Debug */ = {
			isa = XCBuildConfiguration;
			baseConfigurationReference = 0AA31E9E521A2FB6AFAF4504 /* Pods-Treehacks.debug.xcconfig */;
			buildSettings = {
				ASSETCATALOG_COMPILER_APPICON_NAME = AppIcon;
				CODE_SIGN_STYLE = Automatic;
				INFOPLIST_FILE = Treehacks/Info.plist;
				LD_RUNPATH_SEARCH_PATHS = (
					"$(inherited)",
					"@executable_path/Frameworks",
				);
				PRODUCT_BUNDLE_IDENTIFIER = Treehacks.Treehacks;
				PRODUCT_NAME = "$(TARGET_NAME)";
				SWIFT_VERSION = 4.2;
				TARGETED_DEVICE_FAMILY = "1,2";
			};
			name = Debug;
		};
		ADD6FE3822189E1E00139967 /* Release */ = {
			isa = XCBuildConfiguration;
			baseConfigurationReference = 95E43B16EC66C98668930B8A /* Pods-Treehacks.release.xcconfig */;
			buildSettings = {
				ASSETCATALOG_COMPILER_APPICON_NAME = AppIcon;
				CODE_SIGN_STYLE = Automatic;
				INFOPLIST_FILE = Treehacks/Info.plist;
				LD_RUNPATH_SEARCH_PATHS = (
					"$(inherited)",
					"@executable_path/Frameworks",
				);
				PRODUCT_BUNDLE_IDENTIFIER = Treehacks.Treehacks;
				PRODUCT_NAME = "$(TARGET_NAME)";
				SWIFT_VERSION = 4.2;
				TARGETED_DEVICE_FAMILY = "1,2";
			};
			name = Release;
		};
		ADD6FE3A22189E1E00139967 /* Debug */ = {
			isa = XCBuildConfiguration;
			baseConfigurationReference = E28DBDD38108CAD172756DCB /* Pods-TreehacksTests.debug.xcconfig */;
			buildSettings = {
				ALWAYS_EMBED_SWIFT_STANDARD_LIBRARIES = YES;
				BUNDLE_LOADER = "$(TEST_HOST)";
				CODE_SIGN_STYLE = Automatic;
				INFOPLIST_FILE = TreehacksTests/Info.plist;
				LD_RUNPATH_SEARCH_PATHS = (
					"$(inherited)",
					"@executable_path/Frameworks",
					"@loader_path/Frameworks",
				);
				PRODUCT_BUNDLE_IDENTIFIER = Treehacks.TreehacksTests;
				PRODUCT_NAME = "$(TARGET_NAME)";
				SWIFT_VERSION = 4.2;
				TARGETED_DEVICE_FAMILY = "1,2";
				TEST_HOST = "$(BUILT_PRODUCTS_DIR)/Treehacks.app/Treehacks";
			};
			name = Debug;
		};
		ADD6FE3B22189E1E00139967 /* Release */ = {
			isa = XCBuildConfiguration;
			baseConfigurationReference = FB191E41FFD22AFDDA6788CE /* Pods-TreehacksTests.release.xcconfig */;
			buildSettings = {
				ALWAYS_EMBED_SWIFT_STANDARD_LIBRARIES = YES;
				BUNDLE_LOADER = "$(TEST_HOST)";
				CODE_SIGN_STYLE = Automatic;
				INFOPLIST_FILE = TreehacksTests/Info.plist;
				LD_RUNPATH_SEARCH_PATHS = (
					"$(inherited)",
					"@executable_path/Frameworks",
					"@loader_path/Frameworks",
				);
				PRODUCT_BUNDLE_IDENTIFIER = Treehacks.TreehacksTests;
				PRODUCT_NAME = "$(TARGET_NAME)";
				SWIFT_VERSION = 4.2;
				TARGETED_DEVICE_FAMILY = "1,2";
				TEST_HOST = "$(BUILT_PRODUCTS_DIR)/Treehacks.app/Treehacks";
			};
			name = Release;
		};
		ADD6FE3D22189E1E00139967 /* Debug */ = {
			isa = XCBuildConfiguration;
			baseConfigurationReference = 4FFE3E896597536E545AD754 /* Pods-TreehacksUITests.debug.xcconfig */;
			buildSettings = {
				ALWAYS_EMBED_SWIFT_STANDARD_LIBRARIES = YES;
				CODE_SIGN_STYLE = Automatic;
				INFOPLIST_FILE = TreehacksUITests/Info.plist;
				LD_RUNPATH_SEARCH_PATHS = (
					"$(inherited)",
					"@executable_path/Frameworks",
					"@loader_path/Frameworks",
				);
				PRODUCT_BUNDLE_IDENTIFIER = Treehacks.TreehacksUITests;
				PRODUCT_NAME = "$(TARGET_NAME)";
				SWIFT_VERSION = 4.2;
				TARGETED_DEVICE_FAMILY = "1,2";
				TEST_TARGET_NAME = Treehacks;
			};
			name = Debug;
		};
		ADD6FE3E22189E1E00139967 /* Release */ = {
			isa = XCBuildConfiguration;
			baseConfigurationReference = C7D1CE016A708A93A2A89609 /* Pods-TreehacksUITests.release.xcconfig */;
			buildSettings = {
				ALWAYS_EMBED_SWIFT_STANDARD_LIBRARIES = YES;
				CODE_SIGN_STYLE = Automatic;
				INFOPLIST_FILE = TreehacksUITests/Info.plist;
				LD_RUNPATH_SEARCH_PATHS = (
					"$(inherited)",
					"@executable_path/Frameworks",
					"@loader_path/Frameworks",
				);
				PRODUCT_BUNDLE_IDENTIFIER = Treehacks.TreehacksUITests;
				PRODUCT_NAME = "$(TARGET_NAME)";
				SWIFT_VERSION = 4.2;
				TARGETED_DEVICE_FAMILY = "1,2";
				TEST_TARGET_NAME = Treehacks;
			};
			name = Release;
		};
/* End XCBuildConfiguration section */

/* Begin XCConfigurationList section */
		ADD6FE0722189E1D00139967 /* Build configuration list for PBXProject "Treehacks" */ = {
			isa = XCConfigurationList;
			buildConfigurations = (
				ADD6FE3422189E1E00139967 /* Debug */,
				ADD6FE3522189E1E00139967 /* Release */,
			);
			defaultConfigurationIsVisible = 0;
			defaultConfigurationName = Release;
		};
		ADD6FE3622189E1E00139967 /* Build configuration list for PBXNativeTarget "Treehacks" */ = {
			isa = XCConfigurationList;
			buildConfigurations = (
				ADD6FE3722189E1E00139967 /* Debug */,
				ADD6FE3822189E1E00139967 /* Release */,
			);
			defaultConfigurationIsVisible = 0;
			defaultConfigurationName = Release;
		};
		ADD6FE3922189E1E00139967 /* Build configuration list for PBXNativeTarget "TreehacksTests" */ = {
			isa = XCConfigurationList;
			buildConfigurations = (
				ADD6FE3A22189E1E00139967 /* Debug */,
				ADD6FE3B22189E1E00139967 /* Release */,
			);
			defaultConfigurationIsVisible = 0;
			defaultConfigurationName = Release;
		};
		ADD6FE3C22189E1E00139967 /* Build configuration list for PBXNativeTarget "TreehacksUITests" */ = {
			isa = XCConfigurationList;
			buildConfigurations = (
				ADD6FE3D22189E1E00139967 /* Debug */,
				ADD6FE3E22189E1E00139967 /* Release */,
			);
			defaultConfigurationIsVisible = 0;
			defaultConfigurationName = Release;
		};
/* End XCConfigurationList section */
	};
	rootObject = ADD6FE0422189E1D00139967 /* Project object */;
}
